{
    "name": "Chinook",
    "lockfileVersion": 2,
    "requires": true,
    "packages": {
        "": {
            "dependencies": {
                "@servicestack/ui": "^0.0.4"
            }
        },
        "node_modules/@servicestack/ui": {
            "version": "0.0.4",
            "resolved": "https://registry.npmjs.org/@servicestack/ui/-/ui-0.0.4.tgz",
            "integrity": "sha512-jVCkc5tAtwBRaZXAJlWGKoHBvc/t9pcvAIBLftn617LL5uDtLeajhA9tDxcN6BVWzn0WGhQSpY4ptFHo33L+vw=="
        }
    },
    "dependencies": {
        "@servicestack/ui": {
            "version": "0.0.4",
            "resolved": "https://registry.npmjs.org/@servicestack/ui/-/ui-0.0.4.tgz",
            "integrity": "sha512-jVCkc5tAtwBRaZXAJlWGKoHBvc/t9pcvAIBLftn617LL5uDtLeajhA9tDxcN6BVWzn0WGhQSpY4ptFHo33L+vw=="
        }
    }
}
